
Microsoft Visual Studio Solution File, Format Version 12.00
# Visual Studio 14
VisualStudioVersion = 14.0.25123.0
MinimumVisualStudioVersion = 10.0.40219.1
Project("{FAE04EC0-301F-11D3-BF4B-00C04F79EFBC}") = "MeetingsServiceLib", "MeetingsServiceLib\MeetingsServiceLib.csproj", "{B05CA2DA-5F23-43ED-B59D-60A8BFEBFAB7}"
EndProject
Project("{FAE04EC0-301F-11D3-BF4B-00C04F79EFBC}") = "MeetingsServiceLibFunctionalTests", "MeetingsServiceLibFunctionalTests\MeetingsServiceLibFunctionalTests.csproj", "{BBE76F3D-9CAC-45CF-9762-8C54C151AD21}"
EndProject
Global
	GlobalSection(SolutionConfigurationPlatforms) = preSolution
		Debug|Any CPU = Debug|Any CPU
		Release|Any CPU = Release|Any CPU
	EndGlobalSection
	GlobalSection(ProjectConfigurationPlatforms) = postSolution
		{B05CA2DA-5F23-43ED-B59D-60A8BFEBFAB7}.Debug|Any CPU.ActiveCfg = Debug|Any CPU
		{B05CA2DA-5F23-43ED-B59D-60A8BFEBFAB7}.Debug|Any CPU.Build.0 = Debug|Any CPU
		{B05CA2DA-5F23-43ED-B59D-60A8BFEBFAB7}.Release|Any CPU.ActiveCfg = Release|Any CPU
		{B05CA2DA-5F23-43ED-B59D-60A8BFEBFAB7}.Release|Any CPU.Build.0 = Release|Any CPU
		{BBE76F3D-9CAC-45CF-9762-8C54C151AD21}.Debug|Any CPU.ActiveCfg = Debug|Any CPU
		{BBE76F3D-9CAC-45CF-9762-8C54C151AD21}.Debug|Any CPU.Build.0 = Debug|Any CPU
		{BBE76F3D-9CAC-45CF-9762-8C54C151AD21}.Release|Any CPU.ActiveCfg = Release|Any CPU
		{BBE76F3D-9CAC-45CF-9762-8C54C151AD21}.Release|Any CPU.Build.0 = Release|Any CPU
	EndGlobalSection
	GlobalSection(SolutionProperties) = preSolution
		HideSolutionNode = FALSE
	EndGlobalSection
EndGlobal
